
Microsoft Visual Studio Solution File, Format Version 12.00
# Visual Studio Version 17
VisualStudioVersion = 17.13.35931.197 d17.13
MinimumVisualStudioVersion = 10.0.40219.1
Project("{FAE04EC0-301F-11D3-BF4B-00C04F79EFBC}") = "WebApplication1", "WebApplication1.csproj", "{20027BE1-8254-432B-8C6D-E22CBB9812F1}"
EndProject
Global
	GlobalSection(SolutionConfigurationPlatforms) = preSolution
		Debug|Any CPU = Debug|Any CPU
		Release|Any CPU = Release|Any CPU
	EndGlobalSection
	GlobalSection(ProjectConfigurationPlatforms) = postSolution
		{20027BE1-8254-432B-8C6D-E22CBB9812F1}.Debug|Any CPU.ActiveCfg = Debug|Any CPU
		{20027BE1-8254-432B-8C6D-E22CBB9812F1}.Debug|Any CPU.Build.0 = Debug|Any CPU
		{20027BE1-8254-432B-8C6D-E22CBB9812F1}.Release|Any CPU.ActiveCfg = Release|Any CPU
		{20027BE1-8254-432B-8C6D-E22CBB9812F1}.Release|Any CPU.Build.0 = Release|Any CPU
	EndGlobalSection
	GlobalSection(SolutionProperties) = preSolution
		HideSolutionNode = FALSE
	EndGlobalSection
	GlobalSection(ExtensibilityGlobals) = postSolution
		SolutionGuid = {42CF75EC-7E79-4826-91D4-825F4D89DF5C}
	EndGlobalSection
EndGlobal
